// !$*UTF8*$!
{
	archiveVersion = 1;
	classes = {
	};
	objectVersion = 50;
	objects = {

/* Begin PBXBuildFile section */
		13587C8C2461CA0300B3F02B /* AppDelegate.swift in Sources */ = {isa = PBXBuildFile; fileRef = 13587C8B2461CA0300B3F02B /* AppDelegate.swift */; };
		13587C8E2461CA0300B3F02B /* SceneDelegate.swift in Sources */ = {isa = PBXBuildFile; fileRef = 13587C8D2461CA0300B3F02B /* SceneDelegate.swift */; };
		13587C902461CA0300B3F02B /* ContentView.swift in Sources */ = {isa = PBXBuildFile; fileRef = 13587C8F2461CA0300B3F02B /* ContentView.swift */; };
		13587C922461CA0500B3F02B /* Assets.xcassets in Resources */ = {isa = PBXBuildFile; fileRef = 13587C912461CA0500B3F02B /* Assets.xcassets */; };
		13587C952461CA0500B3F02B /* Preview Assets.xcassets in Resources */ = {isa = PBXBuildFile; fileRef = 13587C942461CA0500B3F02B /* Preview Assets.xcassets */; };
		13587C982461CA0500B3F02B /* LaunchScreen.storyboard in Resources */ = {isa = PBXBuildFile; fileRef = 13587C962461CA0500B3F02B /* LaunchScreen.storyboard */; };
		13587CA32461CA0500B3F02B /* Test_ChartsTests.swift in Sources */ = {isa = PBXBuildFile; fileRef = 13587CA22461CA0500B3F02B /* Test_ChartsTests.swift */; };
		13587CAE2461CA0500B3F02B /* Test_ChartsUITests.swift in Sources */ = {isa = PBXBuildFile; fileRef = 13587CAD2461CA0500B3F02B /* Test_ChartsUITests.swift */; };
/* End PBXBuildFile section */

/* Begin PBXContainerItemProxy section */
		13587C9F2461CA0500B3F02B /* PBXContainerItemProxy */ = {
			isa = PBXContainerItemProxy;
			containerPortal = 13587C802461CA0300B3F02B /* Project object */;
			proxyType = 1;
			remoteGlobalIDString = 13587C872461CA0300B3F02B;
			remoteInfo = Test_Charts;
		};
		13587CAA2461CA0500B3F02B /* PBXContainerItemProxy */ = {
			isa = PBXContainerItemProxy;
			containerPortal = 13587C802461CA0300B3F02B /* Project object */;
			proxyType = 1;
			remoteGlobalIDString = 13587C872461CA0300B3F02B;
			remoteInfo = Test_Charts;
		};
/* End PBXContainerItemProxy section */

/* Begin PBXFileReference section */
		13587C882461CA0300B3F02B /* Test_Charts.app */ = {isa = PBXFileReference; explicitFileType = wrapper.application; includeInIndex = 0; path = Test_Charts.app; sourceTree = BUILT_PRODUCTS_DIR; };
		13587C8B2461CA0300B3F02B /* AppDelegate.swift */ = {isa = PBXFileReference; lastKnownFileType = sourcecode.swift; path = AppDelegate.swift; sourceTree = "<group>"; };
		13587C8D2461CA0300B3F02B /* SceneDelegate.swift */ = {isa = PBXFileReference; lastKnownFileType = sourcecode.swift; path = SceneDelegate.swift; sourceTree = "<group>"; };
		13587C8F2461CA0300B3F02B /* ContentView.swift */ = {isa = PBXFileReference; lastKnownFileType = sourcecode.swift; path = ContentView.swift; sourceTree = "<group>"; };
		13587C912461CA0500B3F02B /* Assets.xcassets */ = {isa = PBXFileReference; lastKnownFileType = folder.assetcatalog; path = Assets.xcassets; sourceTree = "<group>"; };
		13587C942461CA0500B3F02B /* Preview Assets.xcassets */ = {isa = PBXFileReference; lastKnownFileType = folder.assetcatalog; path = "Preview Assets.xcassets"; sourceTree = "<group>"; };
		13587C972461CA0500B3F02B /* Base */ = {isa = PBXFileReference; lastKnownFileType = file.storyboard; name = Base; path = Base.lproj/LaunchScreen.storyboard; sourceTree = "<group>"; };
		13587C992461CA0500B3F02B /* Info.plist */ = {isa = PBXFileReference; lastKnownFileType = text.plist.xml; path = Info.plist; sourceTree = "<group>"; };
		13587C9E2461CA0500B3F02B /* Test_ChartsTests.xctest */ = {isa = PBXFileReference; explicitFileType = wrapper.cfbundle; includeInIndex = 0; path = Test_ChartsTests.xctest; sourceTree = BUILT_PRODUCTS_DIR; };
		13587CA22461CA0500B3F02B /* Test_ChartsTests.swift */ = {isa = PBXFileReference; lastKnownFileType = sourcecode.swift; path = Test_ChartsTests.swift; sourceTree = "<group>"; };
		13587CA42461CA0500B3F02B /* Info.plist */ = {isa = PBXFileReference; lastKnownFileType = text.plist.xml; path = Info.plist; sourceTree = "<group>"; };
		13587CA92461CA0500B3F02B /* Test_ChartsUITests.xctest */ = {isa = PBXFileReference; explicitFileType = wrapper.cfbundle; includeInIndex = 0; path = Test_ChartsUITests.xctest; sourceTree = BUILT_PRODUCTS_DIR; };
		13587CAD2461CA0500B3F02B /* Test_ChartsUITests.swift */ = {isa = PBXFileReference; lastKnownFileType = sourcecode.swift; path = Test_ChartsUITests.swift; sourceTree = "<group>"; };
		13587CAF2461CA0500B3F02B /* Info.plist */ = {isa = PBXFileReference; lastKnownFileType = text.plist.xml; path = Info.plist; sourceTree = "<group>"; };
/* End PBXFileReference section */

/* Begin PBXFrameworksBuildPhase section */
		13587C852461CA0300B3F02B /* Frameworks */ = {
			isa = PBXFrameworksBuildPhase;
			buildActionMask = 2147483647;
			files = (
			);
			runOnlyForDeploymentPostprocessing = 0;
		};
		13587C9B2461CA0500B3F02B /* Frameworks */ = {
			isa = PBXFrameworksBuildPhase;
			buildActionMask = 2147483647;
			files = (
			);
			runOnlyForDeploymentPostprocessing = 0;
		};
		13587CA62461CA0500B3F02B /* Frameworks */ = {
			isa = PBXFrameworksBuildPhase;
			buildActionMask = 2147483647;
			files = (
			);
			runOnlyForDeploymentPostprocessing = 0;
		};
/* End PBXFrameworksBuildPhase section */

/* Begin PBXGroup section */
		13587C7F2461CA0300B3F02B = {
			isa = PBXGroup;
			children = (
				13587C8A2461CA0300B3F02B /* Test_Charts */,
				13587CA12461CA0500B3F02B /* Test_ChartsTests */,
				13587CAC2461CA0500B3F02B /* Test_ChartsUITests */,
				13587C892461CA0300B3F02B /* Products */,
			);
			sourceTree = "<group>";
		};
		13587C892461CA0300B3F02B /* Products */ = {
			isa = PBXGroup;
			children = (
				13587C882461CA0300B3F02B /* Test_Charts.app */,
				13587C9E2461CA0500B3F02B /* Test_ChartsTests.xctest */,
				13587CA92461CA0500B3F02B /* Test_ChartsUITests.xctest */,
			);
			name = Products;
			sourceTree = "<group>";
		};
		13587C8A2461CA0300B3F02B /* Test_Charts */ = {
			isa = PBXGroup;
			children = (
				13587C8B2461CA0300B3F02B /* AppDelegate.swift */,
				13587C8D2461CA0300B3F02B /* SceneDelegate.swift */,
				13587C8F2461CA0300B3F02B /* ContentView.swift */,
				13587C912461CA0500B3F02B /* Assets.xcassets */,
				13587C962461CA0500B3F02B /* LaunchScreen.storyboard */,
				13587C992461CA0500B3F02B /* Info.plist */,
				13587C932461CA0500B3F02B /* Preview Content */,
			);
			path = Test_Charts;
			sourceTree = "<group>";
		};
		13587C932461CA0500B3F02B /* Preview Content */ = {
			isa = PBXGroup;
			children = (
				13587C942461CA0500B3F02B /* Preview Assets.xcassets */,
			);
			path = "Preview Content";
			sourceTree = "<group>";
		};
		13587CA12461CA0500B3F02B /* Test_ChartsTests */ = {
			isa = PBXGroup;
			children = (
				13587CA22461CA0500B3F02B /* Test_ChartsTests.swift */,
				13587CA42461CA0500B3F02B /* Info.plist */,
			);
			path = Test_ChartsTests;
			sourceTree = "<group>";
		};
		13587CAC2461CA0500B3F02B /* Test_ChartsUITests */ = {
			isa = PBXGroup;
			children = (
				13587CAD2461CA0500B3F02B /* Test_ChartsUITests.swift */,
				13587CAF2461CA0500B3F02B /* Info.plist */,
			);
			path = Test_ChartsUITests;
			sourceTree = "<group>";
		};
/* End PBXGroup section */

/* Begin PBXNativeTarget section */
		13587C872461CA0300B3F02B /* Test_Charts */ = {
			isa = PBXNativeTarget;
			buildConfigurationList = 13587CB22461CA0500B3F02B /* Build configuration list for PBXNativeTarget "Test_Charts" */;
			buildPhases = (
				13587C842461CA0300B3F02B /* Sources */,
				13587C852461CA0300B3F02B /* Frameworks */,
				13587C862461CA0300B3F02B /* Resources */,
			);
			buildRules = (
			);
			dependencies = (
			);
			name = Test_Charts;
			productName = Test_Charts;
			productReference = 13587C882461CA0300B3F02B /* Test_Charts.app */;
			productType = "com.apple.product-type.application";
		};
		13587C9D2461CA0500B3F02B /* Test_ChartsTests */ = {
			isa = PBXNativeTarget;
			buildConfigurationList = 13587CB52461CA0500B3F02B /* Build configuration list for PBXNativeTarget "Test_ChartsTests" */;
			buildPhases = (
				13587C9A2461CA0500B3F02B /* Sources */,
				13587C9B2461CA0500B3F02B /* Frameworks */,
				13587C9C2461CA0500B3F02B /* Resources */,
			);
			buildRules = (
			);
			dependencies = (
				13587CA02461CA0500B3F02B /* PBXTargetDependency */,
			);
			name = Test_ChartsTests;
			productName = Test_ChartsTests;
			productReference = 13587C9E2461CA0500B3F02B /* Test_ChartsTests.xctest */;
			productType = "com.apple.product-type.bundle.unit-test";
		};
		13587CA82461CA0500B3F02B /* Test_ChartsUITests */ = {
			isa = PBXNativeTarget;
			buildConfigurationList = 13587CB82461CA0500B3F02B /* Build configuration list for PBXNativeTarget "Test_ChartsUITests" */;
			buildPhases = (
				13587CA52461CA0500B3F02B /* Sources */,
				13587CA62461CA0500B3F02B /* Frameworks */,
				13587CA72461CA0500B3F02B /* Resources */,
			);
			buildRules = (
			);
			dependencies = (
				13587CAB2461CA0500B3F02B /* PBXTargetDependency */,
			);
			name = Test_ChartsUITests;
			productName = Test_ChartsUITests;
			productReference = 13587CA92461CA0500B3F02B /* Test_ChartsUITests.xctest */;
			productType = "com.apple.product-type.bundle.ui-testing";
		};
/* End PBXNativeTarget section */

/* Begin PBXProject section */
		13587C802461CA0300B3F02B /* Project object */ = {
			isa = PBXProject;
			attributes = {
				LastSwiftUpdateCheck = 1140;
				LastUpgradeCheck = 1140;
				ORGANIZATIONNAME = HurricaneBros;
				TargetAttributes = {
					13587C872461CA0300B3F02B = {
						CreatedOnToolsVersion = 11.4.1;
					};
					13587C9D2461CA0500B3F02B = {
						CreatedOnToolsVersion = 11.4.1;
						TestTargetID = 13587C872461CA0300B3F02B;
					};
					13587CA82461CA0500B3F02B = {
						CreatedOnToolsVersion = 11.4.1;
						TestTargetID = 13587C872461CA0300B3F02B;
					};
				};
			};
			buildConfigurationList = 13587C832461CA0300B3F02B /* Build configuration list for PBXProject "Test_Charts" */;
			compatibilityVersion = "Xcode 9.3";
			developmentRegion = en;
			hasScannedForEncodings = 0;
			knownRegions = (
				en,
				Base,
			);
			mainGroup = 13587C7F2461CA0300B3F02B;
			productRefGroup = 13587C892461CA0300B3F02B /* Products */;
			projectDirPath = "";
			projectRoot = "";
			targets = (
				13587C872461CA0300B3F02B /* Test_Charts */,
				13587C9D2461CA0500B3F02B /* Test_ChartsTests */,
				13587CA82461CA0500B3F02B /* Test_ChartsUITests */,
			);
		};
/* End PBXProject section */

/* Begin PBXResourcesBuildPhase section */
		13587C862461CA0300B3F02B /* Resources */ = {
			isa = PBXResourcesBuildPhase;
			buildActionMask = 2147483647;
			files = (
				13587C982461CA0500B3F02B /* LaunchScreen.storyboard in Resources */,
				13587C952461CA0500B3F02B /* Preview Assets.xcassets in Resources */,
				13587C922461CA0500B3F02B /* Assets.xcassets in Resources */,
			);
			runOnlyForDeploymentPostprocessing = 0;
		};
		13587C9C2461CA0500B3F02B /* Resources */ = {
			isa = PBXResourcesBuildPhase;
			buildActionMask = 2147483647;
			files = (
			);
			runOnlyForDeploymentPostprocessing = 0;
		};
		13587CA72461CA0500B3F02B /* Resources */ = {
			isa = PBXResourcesBuildPhase;
			buildActionMask = 2147483647;
			files = (
			);
			runOnlyForDeploymentPostprocessing = 0;
		};
/* End PBXResourcesBuildPhase section */

/* Begin PBXSourcesBuildPhase section */
		13587C842461CA0300B3F02B /* Sources */ = {
			isa = PBXSourcesBuildPhase;
			buildActionMask = 2147483647;
			files = (
				13587C8C2461CA0300B3F02B /* AppDelegate.swift in Sources */,
				13587C8E2461CA0300B3F02B /* SceneDelegate.swift in Sources */,
				13587C902461CA0300B3F02B /* ContentView.swift in Sources */,
			);
			runOnlyForDeploymentPostprocessing = 0;
		};
		13587C9A2461CA0500B3F02B /* Sources */ = {
			isa = PBXSourcesBuildPhase;
			buildActionMask = 2147483647;
			files = (
				13587CA32461CA0500B3F02B /* Test_ChartsTests.swift in Sources */,
			);
			runOnlyForDeploymentPostprocessing = 0;
		};
		13587CA52461CA0500B3F02B /* Sources */ = {
			isa = PBXSourcesBuildPhase;
			buildActionMask = 2147483647;
			files = (
				13587CAE2461CA0500B3F02B /* Test_ChartsUITests.swift in Sources */,
			);
			runOnlyForDeploymentPostprocessing = 0;
		};
/* End PBXSourcesBuildPhase section */

/* Begin PBXTargetDependency section */
		13587CA02461CA0500B3F02B /* PBXTargetDependency */ = {
			isa = PBXTargetDependency;
			target = 13587C872461CA0300B3F02B /* Test_Charts */;
			targetProxy = 13587C9F2461CA0500B3F02B /* PBXContainerItemProxy */;
		};
		13587CAB2461CA0500B3F02B /* PBXTargetDependency */ = {
			isa = PBXTargetDependency;
			target = 13587C872461CA0300B3F02B /* Test_Charts */;
			targetProxy = 13587CAA2461CA0500B3F02B /* PBXContainerItemProxy */;
		};
/* End PBXTargetDependency section */

/* Begin PBXVariantGroup section */
		13587C962461CA0500B3F02B /* LaunchScreen.storyboard */ = {
			isa = PBXVariantGroup;
			children = (
				13587C972461CA0500B3F02B /* Base */,
			);
			name = LaunchScreen.storyboard;
			sourceTree = "<group>";
		};
/* End PBXVariantGroup section */

/* Begin XCBuildConfiguration section */
		13587CB02461CA0500B3F02B /* Debug */ = {
			isa = XCBuildConfiguration;
			buildSettings = {
				ALWAYS_SEARCH_USER_PATHS = NO;
				CLANG_ANALYZER_NONNULL = YES;
				CLANG_ANALYZER_NUMBER_OBJECT_CONVERSION = YES_AGGRESSIVE;
				CLANG_CXX_LANGUAGE_STANDARD = "gnu++14";
				CLANG_CXX_LIBRARY = "libc++";
				CLANG_ENABLE_MODULES = YES;
				CLANG_ENABLE_OBJC_ARC = YES;
				CLANG_ENABLE_OBJC_WEAK = YES;
				CLANG_WARN_BLOCK_CAPTURE_AUTORELEASING = YES;
				CLANG_WARN_BOOL_CONVERSION = YES;
				CLANG_WARN_COMMA = YES;
				CLANG_WARN_CONSTANT_CONVERSION = YES;
				CLANG_WARN_DEPRECATED_OBJC_IMPLEMENTATIONS = YES;
				CLANG_WARN_DIRECT_OBJC_ISA_USAGE = YES_ERROR;
				CLANG_WARN_DOCUMENTATION_COMMENTS = YES;
				CLANG_WARN_EMPTY_BODY = YES;
				CLANG_WARN_ENUM_CONVERSION = YES;
				CLANG_WARN_INFINITE_RECURSION = YES;
				CLANG_WARN_INT_CONVERSION = YES;
				CLANG_WARN_NON_LITERAL_NULL_CONVERSION = YES;
				CLANG_WARN_OBJC_IMPLICIT_RETAIN_SELF = YES;
				CLANG_WARN_OBJC_LITERAL_CONVERSION = YES;
				CLANG_WARN_OBJC_ROOT_CLASS = YES_ERROR;
				CLANG_WARN_RANGE_LOOP_ANALYSIS = YES;
				CLANG_WARN_STRICT_PROTOTYPES = YES;
				CLANG_WARN_SUSPICIOUS_MOVE = YES;
				CLANG_WARN_UNGUARDED_AVAILABILITY = YES_AGGRESSIVE;
				CLANG_WARN_UNREACHABLE_CODE = YES;
				CLANG_WARN__DUPLICATE_METHOD_MATCH = YES;
				COPY_PHASE_STRIP = NO;
				DEBUG_INFORMATION_FORMAT = dwarf;
				ENABLE_STRICT_OBJC_MSGSEND = YES;
				ENABLE_TESTABILITY = YES;
				GCC_C_LANGUAGE_STANDARD = gnu11;
				GCC_DYNAMIC_NO_PIC = NO;
				GCC_NO_COMMON_BLOCKS = YES;
				GCC_OPTIMIZATION_LEVEL = 0;
				GCC_PREPROCESSOR_DEFINITIONS = (
					"DEBUG=1",
					"$(inherited)",
				);
				GCC_WARN_64_TO_32_BIT_CONVERSION = YES;
				GCC_WARN_ABOUT_RETURN_TYPE = YES_ERROR;
				GCC_WARN_UNDECLARED_SELECTOR = YES;
				GCC_WARN_UNINITIALIZED_AUTOS = YES_AGGRESSIVE;
				GCC_WARN_UNUSED_FUNCTION = YES;
				GCC_WARN_UNUSED_VARIABLE = YES;
				IPHONEOS_DEPLOYMENT_TARGET = 13.4;
				MTL_ENABLE_DEBUG_INFO = INCLUDE_SOURCE;
				MTL_FAST_MATH = YES;
				ONLY_ACTIVE_ARCH = YES;
				SDKROOT = iphoneos;
				SWIFT_ACTIVE_COMPILATION_CONDITIONS = DEBUG;
				SWIFT_OPTIMIZATION_LEVEL = "-Onone";
			};
			name = Debug;
		};
		13587CB12461CA0500B3F02B /* Release */ = {
			isa = XCBuildConfiguration;
			buildSettings = {
				ALWAYS_SEARCH_USER_PATHS = NO;
				CLANG_ANALYZER_NONNULL = YES;
				CLANG_ANALYZER_NUMBER_OBJECT_CONVERSION = YES_AGGRESSIVE;
				CLANG_CXX_LANGUAGE_STANDARD = "gnu++14";
				CLANG_CXX_LIBRARY = "libc++";
				CLANG_ENABLE_MODULES = YES;
				CLANG_ENABLE_OBJC_ARC = YES;
				CLANG_ENABLE_OBJC_WEAK = YES;
				CLANG_WARN_BLOCK_CAPTURE_AUTORELEASING = YES;
				CLANG_WARN_BOOL_CONVERSION = YES;
				CLANG_WARN_COMMA = YES;
				CLANG_WARN_CONSTANT_CONVERSION = YES;
				CLANG_WARN_DEPRECATED_OBJC_IMPLEMENTATIONS = YES;
				CLANG_WARN_DIRECT_OBJC_ISA_USAGE = YES_ERROR;
				CLANG_WARN_DOCUMENTATION_COMMENTS = YES;
				CLANG_WARN_EMPTY_BODY = YES;
				CLANG_WARN_ENUM_CONVERSION = YES;
				CLANG_WARN_INFINITE_RECURSION = YES;
				CLANG_WARN_INT_CONVERSION = YES;
				CLANG_WARN_NON_LITERAL_NULL_CONVERSION = YES;
				CLANG_WARN_OBJC_IMPLICIT_RETAIN_SELF = YES;
				CLANG_WARN_OBJC_LITERAL_CONVERSION = YES;
				CLANG_WARN_OBJC_ROOT_CLASS = YES_ERROR;
				CLANG_WARN_RANGE_LOOP_ANALYSIS = YES;
				CLANG_WARN_STRICT_PROTOTYPES = YES;
				CLANG_WARN_SUSPICIOUS_MOVE = YES;
				CLANG_WARN_UNGUARDED_AVAILABILITY = YES_AGGRESSIVE;
				CLANG_WARN_UNREACHABLE_CODE = YES;
				CLANG_WARN__DUPLICATE_METHOD_MATCH = YES;
				COPY_PHASE_STRIP = NO;
				DEBUG_INFORMATION_FORMAT = "dwarf-with-dsym";
				ENABLE_NS_ASSERTIONS = NO;
				ENABLE_STRICT_OBJC_MSGSEND = YES;
				GCC_C_LANGUAGE_STANDARD = gnu11;
				GCC_NO_COMMON_BLOCKS = YES;
				GCC_WARN_64_TO_32_BIT_CONVERSION = YES;
				GCC_WARN_ABOUT_RETURN_TYPE = YES_ERROR;
				GCC_WARN_UNDECLARED_SELECTOR = YES;
				GCC_WARN_UNINITIALIZED_AUTOS = YES_AGGRESSIVE;
				GCC_WARN_UNUSED_FUNCTION = YES;
				GCC_WARN_UNUSED_VARIABLE = YES;
				IPHONEOS_DEPLOYMENT_TARGET = 13.4;
				MTL_ENABLE_DEBUG_INFO = NO;
				MTL_FAST_MATH = YES;
				SDKROOT = iphoneos;
				SWIFT_COMPILATION_MODE = wholemodule;
				SWIFT_OPTIMIZATION_LEVEL = "-O";
				VALIDATE_PRODUCT = YES;
			};
			name = Release;
		};
		13587CB32461CA0500B3F02B /* Debug */ = {
			isa = XCBuildConfiguration;
			buildSettings = {
				ASSETCATALOG_COMPILER_APPICON_NAME = AppIcon;
				CODE_SIGN_STYLE = Automatic;
				DEVELOPMENT_ASSET_PATHS = "\"Test_Charts/Preview Content\"";
				DEVELOPMENT_TEAM = 674465T3RH;
				ENABLE_PREVIEWS = YES;
				INFOPLIST_FILE = Test_Charts/Info.plist;
				LD_RUNPATH_SEARCH_PATHS = (
					"$(inherited)",
					"@executable_path/Frameworks",
				);
				PRODUCT_BUNDLE_IDENTIFIER = "HurricaneBros.Test-Charts";
				PRODUCT_NAME = "$(TARGET_NAME)";
				SWIFT_VERSION = 5.0;
				TARGETED_DEVICE_FAMILY = "1,2";
			};
			name = Debug;
		};
		13587CB42461CA0500B3F02B /* Release */ = {
			isa = XCBuildConfiguration;
			buildSettings = {
				ASSETCATALOG_COMPILER_APPICON_NAME = AppIcon;
				CODE_SIGN_STYLE = Automatic;
				DEVELOPMENT_ASSET_PATHS = "\"Test_Charts/Preview Content\"";
				DEVELOPMENT_TEAM = 674465T3RH;
				ENABLE_PREVIEWS = YES;
				INFOPLIST_FILE = Test_Charts/Info.plist;
				LD_RUNPATH_SEARCH_PATHS = (
					"$(inherited)",
					"@executable_path/Frameworks",
				);
				PRODUCT_BUNDLE_IDENTIFIER = "HurricaneBros.Test-Charts";
				PRODUCT_NAME = "$(TARGET_NAME)";
				SWIFT_VERSION = 5.0;
				TARGETED_DEVICE_FAMILY = "1,2";
			};
			name = Release;
		};
		13587CB62461CA0500B3F02B /* Debug */ = {
			isa = XCBuildConfiguration;
			buildSettings = {
				ALWAYS_EMBED_SWIFT_STANDARD_LIBRARIES = YES;
				BUNDLE_LOADER = "$(TEST_HOST)";
				CODE_SIGN_STYLE = Automatic;
				DEVELOPMENT_TEAM = 674465T3RH;
				INFOPLIST_FILE = Test_ChartsTests/Info.plist;
				IPHONEOS_DEPLOYMENT_TARGET = 13.4;
				LD_RUNPATH_SEARCH_PATHS = (
					"$(inherited)",
					"@executable_path/Frameworks",
					"@loader_path/Frameworks",
				);
				PRODUCT_BUNDLE_IDENTIFIER = "HurricaneBros.Test-ChartsTests";
				PRODUCT_NAME = "$(TARGET_NAME)";
				SWIFT_VERSION = 5.0;
				TARGETED_DEVICE_FAMILY = "1,2";
				TEST_HOST = "$(BUILT_PRODUCTS_DIR)/Test_Charts.app/Test_Charts";
			};
			name = Debug;
		};
		13587CB72461CA0500B3F02B /* Release */ = {
			isa = XCBuildConfiguration;
			buildSettings = {
				ALWAYS_EMBED_SWIFT_STANDARD_LIBRARIES = YES;
				BUNDLE_LOADER = "$(TEST_HOST)";
				CODE_SIGN_STYLE = Automatic;
				DEVELOPMENT_TEAM = 674465T3RH;
				INFOPLIST_FILE = Test_ChartsTests/Info.plist;
				IPHONEOS_DEPLOYMENT_TARGET = 13.4;
				LD_RUNPATH_SEARCH_PATHS = (
					"$(inherited)",
					"@executable_path/Frameworks",
					"@loader_path/Frameworks",
				);
				PRODUCT_BUNDLE_IDENTIFIER = "HurricaneBros.Test-ChartsTests";
				PRODUCT_NAME = "$(TARGET_NAME)";
				SWIFT_VERSION = 5.0;
				TARGETED_DEVICE_FAMILY = "1,2";
				TEST_HOST = "$(BUILT_PRODUCTS_DIR)/Test_Charts.app/Test_Charts";
			};
			name = Release;
		};
		13587CB92461CA0500B3F02B /* Debug */ = {
			isa = XCBuildConfiguration;
			buildSettings = {
				ALWAYS_EMBED_SWIFT_STANDARD_LIBRARIES = YES;
				CODE_SIGN_STYLE = Automatic;
				DEVELOPMENT_TEAM = 674465T3RH;
				INFOPLIST_FILE = Test_ChartsUITests/Info.plist;
				LD_RUNPATH_SEARCH_PATHS = (
					"$(inherited)",
					"@executable_path/Frameworks",
					"@loader_path/Frameworks",
				);
				PRODUCT_BUNDLE_IDENTIFIER = "HurricaneBros.Test-ChartsUITests";
				PRODUCT_NAME = "$(TARGET_NAME)";
				SWIFT_VERSION = 5.0;
				TARGETED_DEVICE_FAMILY = "1,2";
				TEST_TARGET_NAME = Test_Charts;
			};
			name = Debug;
		};
		13587CBA2461CA0500B3F02B /* Release */ = {
			isa = XCBuildConfiguration;
			buildSettings = {
				ALWAYS_EMBED_SWIFT_STANDARD_LIBRARIES = YES;
				CODE_SIGN_STYLE = Automatic;
				DEVELOPMENT_TEAM = 674465T3RH;
				INFOPLIST_FILE = Test_ChartsUITests/Info.plist;
				LD_RUNPATH_SEARCH_PATHS = (
					"$(inherited)",
					"@executable_path/Frameworks",
					"@loader_path/Frameworks",
				);
				PRODUCT_BUNDLE_IDENTIFIER = "HurricaneBros.Test-ChartsUITests";
				PRODUCT_NAME = "$(TARGET_NAME)";
				SWIFT_VERSION = 5.0;
				TARGETED_DEVICE_FAMILY = "1,2";
				TEST_TARGET_NAME = Test_Charts;
			};
			name = Release;
		};
/* End XCBuildConfiguration section */

/* Begin XCConfigurationList section */
		13587C832461CA0300B3F02B /* Build configuration list for PBXProject "Test_Charts" */ = {
			isa = XCConfigurationList;
			buildConfigurations = (
				13587CB02461CA0500B3F02B /* Debug */,
				13587CB12461CA0500B3F02B /* Release */,
			);
			defaultConfigurationIsVisible = 0;
			defaultConfigurationName = Release;
		};
		13587CB22461CA0500B3F02B /* Build configuration list for PBXNativeTarget "Test_Charts" */ = {
			isa = XCConfigurationList;
			buildConfigurations = (
				13587CB32461CA0500B3F02B /* Debug */,
				13587CB42461CA0500B3F02B /* Release */,
			);
			defaultConfigurationIsVisible = 0;
			defaultConfigurationName = Release;
		};
		13587CB52461CA0500B3F02B /* Build configuration list for PBXNativeTarget "Test_ChartsTests" */ = {
			isa = XCConfigurationList;
			buildConfigurations = (
				13587CB62461CA0500B3F02B /* Debug */,
				13587CB72461CA0500B3F02B /* Release */,
			);
			defaultConfigurationIsVisible = 0;
			defaultConfigurationName = Release;
		};
		13587CB82461CA0500B3F02B /* Build configuration list for PBXNativeTarget "Test_ChartsUITests" */ = {
			isa = XCConfigurationList;
			buildConfigurations = (
				13587CB92461CA0500B3F02B /* Debug */,
				13587CBA2461CA0500B3F02B /* Release */,
			);
			defaultConfigurationIsVisible = 0;
			defaultConfigurationName = Release;
		};
/* End XCConfigurationList section */
	};
	rootObject = 13587C802461CA0300B3F02B /* Project object */;
}
